
Microsoft Visual Studio Solution File, Format Version 12.00
# Visual Studio 15
VisualStudioVersion = 15.0.26124.0
MinimumVisualStudioVersion = 15.0.26124.0
Project("{FAE04EC0-301F-11D3-BF4B-00C04F79EFBC}") = "AppointmentsManager.Domain", "AppointmentsManager.Domain\AppointmentsManager.Domain.csproj", "{ABF42E45-439C-4789-B2F5-02D9461CC827}"
EndProject
Project("{FAE04EC0-301F-11D3-BF4B-00C04F79EFBC}") = "AppointmentsManager.Application", "AppointmentsManager.Application\AppointmentsManager.Application.csproj", "{AFCE28D7-4AE7-4009-850C-27258BBA4A86}"
EndProject
Project("{FAE04EC0-301F-11D3-BF4B-00C04F79EFBC}") = "AppointmentsManager.Application.Tests", "AppointmentsManager.Application.Tests\AppointmentsManager.Application.Tests.csproj", "{65D31775-298A-4004-9483-9270BF5C055E}"
EndProject
Project("{FAE04EC0-301F-11D3-BF4B-00C04F79EFBC}") = "AppointmentsManager.Storage", "AppointmentsManager.Storage\AppointmentsManager.Storage.csproj", "{612B688C-3F25-4AB0-BE5D-B3DC135BC191}"
EndProject
Project("{FAE04EC0-301F-11D3-BF4B-00C04F79EFBC}") = "AppointmentsManager.Storage.Tests", "AppointmentsManager.Storage.Tests\AppointmentsManager.Storage.Tests.csproj", "{83ACEDE2-F93D-4AB8-AFC9-3E400F2E2140}"
EndProject
Project("{FAE04EC0-301F-11D3-BF4B-00C04F79EFBC}") = "AppointmentsManager.WebAPI", "AppointmentsManager.WebAPI\AppointmentsManager.WebAPI.csproj", "{1454C8C7-7EFF-4597-8246-DE2251FDA79F}"
EndProject
Global
	GlobalSection(SolutionConfigurationPlatforms) = preSolution
		Debug|Any CPU = Debug|Any CPU
		Debug|x64 = Debug|x64
		Debug|x86 = Debug|x86
		Release|Any CPU = Release|Any CPU
		Release|x64 = Release|x64
		Release|x86 = Release|x86
	EndGlobalSection
	GlobalSection(SolutionProperties) = preSolution
		HideSolutionNode = FALSE
	EndGlobalSection
	GlobalSection(ProjectConfigurationPlatforms) = postSolution
		{ABF42E45-439C-4789-B2F5-02D9461CC827}.Debug|Any CPU.ActiveCfg = Debug|Any CPU
		{ABF42E45-439C-4789-B2F5-02D9461CC827}.Debug|Any CPU.Build.0 = Debug|Any CPU
		{ABF42E45-439C-4789-B2F5-02D9461CC827}.Debug|x64.ActiveCfg = Debug|Any CPU
		{ABF42E45-439C-4789-B2F5-02D9461CC827}.Debug|x64.Build.0 = Debug|Any CPU
		{ABF42E45-439C-4789-B2F5-02D9461CC827}.Debug|x86.ActiveCfg = Debug|Any CPU
		{ABF42E45-439C-4789-B2F5-02D9461CC827}.Debug|x86.Build.0 = Debug|Any CPU
		{ABF42E45-439C-4789-B2F5-02D9461CC827}.Release|Any CPU.ActiveCfg = Release|Any CPU
		{ABF42E45-439C-4789-B2F5-02D9461CC827}.Release|Any CPU.Build.0 = Release|Any CPU
		{ABF42E45-439C-4789-B2F5-02D9461CC827}.Release|x64.ActiveCfg = Release|Any CPU
		{ABF42E45-439C-4789-B2F5-02D9461CC827}.Release|x64.Build.0 = Release|Any CPU
		{ABF42E45-439C-4789-B2F5-02D9461CC827}.Release|x86.ActiveCfg = Release|Any CPU
		{ABF42E45-439C-4789-B2F5-02D9461CC827}.Release|x86.Build.0 = Release|Any CPU
		{AFCE28D7-4AE7-4009-850C-27258BBA4A86}.Debug|Any CPU.ActiveCfg = Debug|Any CPU
		{AFCE28D7-4AE7-4009-850C-27258BBA4A86}.Debug|Any CPU.Build.0 = Debug|Any CPU
		{AFCE28D7-4AE7-4009-850C-27258BBA4A86}.Debug|x64.ActiveCfg = Debug|Any CPU
		{AFCE28D7-4AE7-4009-850C-27258BBA4A86}.Debug|x64.Build.0 = Debug|Any CPU
		{AFCE28D7-4AE7-4009-850C-27258BBA4A86}.Debug|x86.ActiveCfg = Debug|Any CPU
		{AFCE28D7-4AE7-4009-850C-27258BBA4A86}.Debug|x86.Build.0 = Debug|Any CPU
		{AFCE28D7-4AE7-4009-850C-27258BBA4A86}.Release|Any CPU.ActiveCfg = Release|Any CPU
		{AFCE28D7-4AE7-4009-850C-27258BBA4A86}.Release|Any CPU.Build.0 = Release|Any CPU
		{AFCE28D7-4AE7-4009-850C-27258BBA4A86}.Release|x64.ActiveCfg = Release|Any CPU
		{AFCE28D7-4AE7-4009-850C-27258BBA4A86}.Release|x64.Build.0 = Release|Any CPU
		{AFCE28D7-4AE7-4009-850C-27258BBA4A86}.Release|x86.ActiveCfg = Release|Any CPU
		{AFCE28D7-4AE7-4009-850C-27258BBA4A86}.Release|x86.Build.0 = Release|Any CPU
		{65D31775-298A-4004-9483-9270BF5C055E}.Debug|Any CPU.ActiveCfg = Debug|Any CPU
		{65D31775-298A-4004-9483-9270BF5C055E}.Debug|Any CPU.Build.0 = Debug|Any CPU
		{65D31775-298A-4004-9483-9270BF5C055E}.Debug|x64.ActiveCfg = Debug|Any CPU
		{65D31775-298A-4004-9483-9270BF5C055E}.Debug|x64.Build.0 = Debug|Any CPU
		{65D31775-298A-4004-9483-9270BF5C055E}.Debug|x86.ActiveCfg = Debug|Any CPU
		{65D31775-298A-4004-9483-9270BF5C055E}.Debug|x86.Build.0 = Debug|Any CPU
		{65D31775-298A-4004-9483-9270BF5C055E}.Release|Any CPU.ActiveCfg = Release|Any CPU
		{65D31775-298A-4004-9483-9270BF5C055E}.Release|Any CPU.Build.0 = Release|Any CPU
		{65D31775-298A-4004-9483-9270BF5C055E}.Release|x64.ActiveCfg = Release|Any CPU
		{65D31775-298A-4004-9483-9270BF5C055E}.Release|x64.Build.0 = Release|Any CPU
		{65D31775-298A-4004-9483-9270BF5C055E}.Release|x86.ActiveCfg = Release|Any CPU
		{65D31775-298A-4004-9483-9270BF5C055E}.Release|x86.Build.0 = Release|Any CPU
		{612B688C-3F25-4AB0-BE5D-B3DC135BC191}.Debug|Any CPU.ActiveCfg = Debug|Any CPU
		{612B688C-3F25-4AB0-BE5D-B3DC135BC191}.Debug|Any CPU.Build.0 = Debug|Any CPU
		{612B688C-3F25-4AB0-BE5D-B3DC135BC191}.Debug|x64.ActiveCfg = Debug|Any CPU
		{612B688C-3F25-4AB0-BE5D-B3DC135BC191}.Debug|x64.Build.0 = Debug|Any CPU
		{612B688C-3F25-4AB0-BE5D-B3DC135BC191}.Debug|x86.ActiveCfg = Debug|Any CPU
		{612B688C-3F25-4AB0-BE5D-B3DC135BC191}.Debug|x86.Build.0 = Debug|Any CPU
		{612B688C-3F25-4AB0-BE5D-B3DC135BC191}.Release|Any CPU.ActiveCfg = Release|Any CPU
		{612B688C-3F25-4AB0-BE5D-B3DC135BC191}.Release|Any CPU.Build.0 = Release|Any CPU
		{612B688C-3F25-4AB0-BE5D-B3DC135BC191}.Release|x64.ActiveCfg = Release|Any CPU
		{612B688C-3F25-4AB0-BE5D-B3DC135BC191}.Release|x64.Build.0 = Release|Any CPU
		{612B688C-3F25-4AB0-BE5D-B3DC135BC191}.Release|x86.ActiveCfg = Release|Any CPU
		{612B688C-3F25-4AB0-BE5D-B3DC135BC191}.Release|x86.Build.0 = Release|Any CPU
		{83ACEDE2-F93D-4AB8-AFC9-3E400F2E2140}.Debug|Any CPU.ActiveCfg = Debug|Any CPU
		{83ACEDE2-F93D-4AB8-AFC9-3E400F2E2140}.Debug|Any CPU.Build.0 = Debug|Any CPU
		{83ACEDE2-F93D-4AB8-AFC9-3E400F2E2140}.Debug|x64.ActiveCfg = Debug|Any CPU
		{83ACEDE2-F93D-4AB8-AFC9-3E400F2E2140}.Debug|x64.Build.0 = Debug|Any CPU
		{83ACEDE2-F93D-4AB8-AFC9-3E400F2E2140}.Debug|x86.ActiveCfg = Debug|Any CPU
		{83ACEDE2-F93D-4AB8-AFC9-3E400F2E2140}.Debug|x86.Build.0 = Debug|Any CPU
		{83ACEDE2-F93D-4AB8-AFC9-3E400F2E2140}.Release|Any CPU.ActiveCfg = Release|Any CPU
		{83ACEDE2-F93D-4AB8-AFC9-3E400F2E2140}.Release|Any CPU.Build.0 = Release|Any CPU
		{83ACEDE2-F93D-4AB8-AFC9-3E400F2E2140}.Release|x64.ActiveCfg = Release|Any CPU
		{83ACEDE2-F93D-4AB8-AFC9-3E400F2E2140}.Release|x64.Build.0 = Release|Any CPU
		{83ACEDE2-F93D-4AB8-AFC9-3E400F2E2140}.Release|x86.ActiveCfg = Release|Any CPU
		{83ACEDE2-F93D-4AB8-AFC9-3E400F2E2140}.Release|x86.Build.0 = Release|Any CPU
		{1454C8C7-7EFF-4597-8246-DE2251FDA79F}.Debug|Any CPU.ActiveCfg = Debug|Any CPU
		{1454C8C7-7EFF-4597-8246-DE2251FDA79F}.Debug|Any CPU.Build.0 = Debug|Any CPU
		{1454C8C7-7EFF-4597-8246-DE2251FDA79F}.Debug|x64.ActiveCfg = Debug|Any CPU
		{1454C8C7-7EFF-4597-8246-DE2251FDA79F}.Debug|x64.Build.0 = Debug|Any CPU
		{1454C8C7-7EFF-4597-8246-DE2251FDA79F}.Debug|x86.ActiveCfg = Debug|Any CPU
		{1454C8C7-7EFF-4597-8246-DE2251FDA79F}.Debug|x86.Build.0 = Debug|Any CPU
		{1454C8C7-7EFF-4597-8246-DE2251FDA79F}.Release|Any CPU.ActiveCfg = Release|Any CPU
		{1454C8C7-7EFF-4597-8246-DE2251FDA79F}.Release|Any CPU.Build.0 = Release|Any CPU
		{1454C8C7-7EFF-4597-8246-DE2251FDA79F}.Release|x64.ActiveCfg = Release|Any CPU
		{1454C8C7-7EFF-4597-8246-DE2251FDA79F}.Release|x64.Build.0 = Release|Any CPU
		{1454C8C7-7EFF-4597-8246-DE2251FDA79F}.Release|x86.ActiveCfg = Release|Any CPU
		{1454C8C7-7EFF-4597-8246-DE2251FDA79F}.Release|x86.Build.0 = Release|Any CPU
	EndGlobalSection
EndGlobal
